
Microsoft Visual Studio Solution File, Format Version 12.00
# Visual Studio Version 16
VisualStudioVersion = 16.0.30204.135
MinimumVisualStudioVersion = 10.0.40219.1
Project("{8BC9CEB8-8B4A-11D0-8D11-00A0C91BC942}") = "TiledTmxParser", "TiledTmxParser\TiledTmxParser.vcxproj", "{C02DC180-F51F-4427-BAA7-96DDB967A1B0}"
EndProject
Project("{8BC9CEB8-8B4A-11D0-8D11-00A0C91BC942}") = "TiledTmxRenderer_Raylib", "TiledTmxRenderer_Raylib\TiledTmxRenderer_Raylib.vcxproj", "{295F3B5A-94D6-48C7-A7B3-BD728622B5E1}"
	ProjectSection(ProjectDependencies) = postProject
		{C02DC180-F51F-4427-BAA7-96DDB967A1B0} = {C02DC180-F51F-4427-BAA7-96DDB967A1B0}
	EndProjectSection
EndProject
Global
	GlobalSection(SolutionConfigurationPlatforms) = preSolution
		Debug|x64 = Debug|x64
		Debug|x86 = Debug|x86
		Release|x64 = Release|x64
		Release|x86 = Release|x86
	EndGlobalSection
	GlobalSection(ProjectConfigurationPlatforms) = postSolution
		{C02DC180-F51F-4427-BAA7-96DDB967A1B0}.Debug|x64.ActiveCfg = Debug|x64
		{C02DC180-F51F-4427-BAA7-96DDB967A1B0}.Debug|x64.Build.0 = Debug|x64
		{C02DC180-F51F-4427-BAA7-96DDB967A1B0}.Debug|x86.ActiveCfg = Debug|Win32
		{C02DC180-F51F-4427-BAA7-96DDB967A1B0}.Debug|x86.Build.0 = Debug|Win32
		{C02DC180-F51F-4427-BAA7-96DDB967A1B0}.Release|x64.ActiveCfg = Release|x64
		{C02DC180-F51F-4427-BAA7-96DDB967A1B0}.Release|x64.Build.0 = Release|x64
		{C02DC180-F51F-4427-BAA7-96DDB967A1B0}.Release|x86.ActiveCfg = Release|Win32
		{C02DC180-F51F-4427-BAA7-96DDB967A1B0}.Release|x86.Build.0 = Release|Win32
		{295F3B5A-94D6-48C7-A7B3-BD728622B5E1}.Debug|x64.ActiveCfg = Debug|x64
		{295F3B5A-94D6-48C7-A7B3-BD728622B5E1}.Debug|x64.Build.0 = Debug|x64
		{295F3B5A-94D6-48C7-A7B3-BD728622B5E1}.Debug|x86.ActiveCfg = Debug|Win32
		{295F3B5A-94D6-48C7-A7B3-BD728622B5E1}.Debug|x86.Build.0 = Debug|Win32
		{295F3B5A-94D6-48C7-A7B3-BD728622B5E1}.Release|x64.ActiveCfg = Release|x64
		{295F3B5A-94D6-48C7-A7B3-BD728622B5E1}.Release|x64.Build.0 = Release|x64
		{295F3B5A-94D6-48C7-A7B3-BD728622B5E1}.Release|x86.ActiveCfg = Release|Win32
		{295F3B5A-94D6-48C7-A7B3-BD728622B5E1}.Release|x86.Build.0 = Release|Win32
	EndGlobalSection
	GlobalSection(SolutionProperties) = preSolution
		HideSolutionNode = FALSE
	EndGlobalSection
	GlobalSection(ExtensibilityGlobals) = postSolution
		SolutionGuid = {45CCCEB4-8C93-4A4D-9ADC-F381F95DEB13}
	EndGlobalSection
EndGlobal
